# THIS IS AN AUTOGENERATED FILE. DO NOT EDIT THIS FILE DIRECTLY.
# yarn lockfile v1


bignumber.js@9.0.0:
  version "9.0.0"
  resolved "https://registry.yarnpkg.com/bignumber.js/-/bignumber.js-9.0.0.tgz#805880f84a329b5eac6e7cb6f8274b6d82bdf075"
  integrity sha512-t/OYhhJ2SD+YGBQcjY8GzzDHEk9f3nerxjtfa6tlMXfe7frs/WozhvCNoGvpM0P3bNf3Gq5ZRMlGr5f3r4/N8A==

core-util-is@~1.0.0:
  version "1.0.2"
  resolved "https://registry.yarnpkg.com/core-util-is/-/core-util-is-1.0.2.tgz#b5fd54220aa2bc5ab57aab7140c940754503c1a7"
  integrity sha1-tf1UIgqivFq1eqtxQMlAdUUDwac=

eris@0.15.0:
  version "0.15.0"
  resolved "https://registry.yarnpkg.com/eris/-/eris-0.15.0.tgz#d0744d993d508b2951bc6d0ab380ae39b63c0666"
  integrity sha512-muBdi5XyMXdxFQ8xUG6yofq40/Z02CHlqJP7zIdHhpdDiHvFM/mybGiFAHuoSYcsVTTvEfbUaAJ+SDEmMjARYw==
  dependencies:
    ws "^7.2.1"
  optionalDependencies:
    opusscript "^0.0.8"
    tweetnacl "^1.0.1"

iconv@~2.1.6:
  version "2.1.11"
  resolved "https://registry.yarnpkg.com/iconv/-/iconv-2.1.11.tgz#5f5da93a643506f5ceaa8bd9c78d6174f8b9351a"
  integrity sha1-X12pOmQ1BvXOqovZx41hdPi5NRo=
  dependencies:
    nan "~2.0.4"

inherits@~2.0.3:
  version "2.0.4"
  resolved "https://registry.yarnpkg.com/inherits/-/inherits-2.0.4.tgz#0fa2c64f932917c3433a0ded55363aae37416b7c"
  integrity sha512-k/vGaX4/Yla3WzyMCvTQOXYeIHvqOKtnqBduzTHpzpQZzAskKMhZ2K+EnBiSM9zGSoIFeMpXKxa4dYeZIQqewQ==

irc-colors@^1.1.0:
  version "1.5.0"
  resolved "https://registry.yarnpkg.com/irc-colors/-/irc-colors-1.5.0.tgz#08834c01ead88b0fd88386a5f2af8f2b0bb963fb"
  integrity sha512-HtszKchBQTcqw1DC09uD7i7vvMayHGM1OCo6AHt5pkgZEyo99ClhHTMJdf+Ezc9ovuNNxcH89QfyclGthjZJOw==

irc@=0.5.0:
  version "0.5.0"
  resolved "https://registry.yarnpkg.com/irc/-/irc-0.5.0.tgz#a8e50a34213b7781001a56ee11c025a6c0d35c98"
  integrity sha1-qOUKNCE7d4EAGlbuEcAlpsDTXJg=
  dependencies:
    irc-colors "^1.1.0"
  optionalDependencies:
    iconv "~2.1.6"
    node-icu-charset-detector "~0.1.2"

isarray@~1.0.0:
  version "1.0.0"
  resolved "https://registry.yarnpkg.com/isarray/-/isarray-1.0.0.tgz#bb935d48582cba168c06834957a54a3e07124f11"
  integrity sha1-u5NdSFgsuhaMBoNJV6VKPgcSTxE=

lodash@^4.17.15:
  version "4.17.15"
  resolved "https://registry.yarnpkg.com/lodash/-/lodash-4.17.15.tgz#b447f6670a0455bbfeedd11392eff330ea097548"
  integrity sha512-8xOcRHvCjnocdS5cpwXQXVzmmh5e5+saE2QGoeQmbKmRS6J3VQppPOIt0MnmE+4xlZoumy0GPG0D0MVIQbNA1A==

minimist@0.0.8:
  version "0.0.8"
  resolved "https://registry.yarnpkg.com/minimist/-/minimist-0.0.8.tgz#857fcabfc3397d2625b8228262e86aa7a011b05d"
  integrity sha1-hX/Kv8M5fSYluCKCYuhqp6ARsF0=

mkdirp@~0.5.1:
  version "0.5.1"
  resolved "https://registry.yarnpkg.com/mkdirp/-/mkdirp-0.5.1.tgz#30057438eac6cf7f8c4767f38648d6697d75c903"
  integrity sha1-MAV0OOrGz3+MR2fzhkjWaX11yQM=
  dependencies:
    minimist "0.0.8"

mysql@2.18.1:
  version "2.18.1"
  resolved "https://registry.yarnpkg.com/mysql/-/mysql-2.18.1.tgz#2254143855c5a8c73825e4522baf2ea021766717"
  integrity sha512-Bca+gk2YWmqp2Uf6k5NFEurwY/0td0cpebAucFpY/3jhrwrVGuxU2uQFCHjU19SJfje0yQvi+rVWdq78hR5lig==
  dependencies:
    bignumber.js "9.0.0"
    readable-stream "2.3.7"
    safe-buffer "5.1.2"
    sqlstring "2.3.1"

nan@^2.0.0:
  version "2.14.2"
  resolved "https://registry.yarnpkg.com/nan/-/nan-2.14.2.tgz#f5376400695168f4cc694ac9393d0c9585eeea19"
  integrity sha512-M2ufzIiINKCuDfBSAUr1vWQ+vuVcA9kqx8JJUsbQi6yf1uGRyb7HfpdfUr5qLXf3B/t8dPvcjhKMmlfnP47EzQ==

nan@~2.0.4:
  version "2.0.9"
  resolved "https://registry.yarnpkg.com/nan/-/nan-2.0.9.tgz#d02a770f46778842cceb94e17cab31ffc7234a05"
  integrity sha1-0Cp3D0Z3iELM65ThfKsx/8cjSgU=

node-icu-charset-detector@~0.1.2:
  version "0.1.4"
  resolved "https://registry.yarnpkg.com/node-icu-charset-detector/-/node-icu-charset-detector-0.1.4.tgz#4979c21f72cf4f79cbeec27b586d6f7138d0c9cd"
  integrity sha1-SXnCH3LPT3nL7sJ7WG1vcTjQyc0=
  dependencies:
    nan "^2.0.0"

node-persist@=0.0.11:
  version "0.0.11"
  resolved "https://registry.yarnpkg.com/node-persist/-/node-persist-0.0.11.tgz#d66eba3ebef620f079530fa7b13076a906665874"
  integrity sha1-1m66Pr72IPB5Uw+nsTB2qQZmWHQ=
  dependencies:
    mkdirp "~0.5.1"
    q "~1.1.1"

opusscript@^0.0.8:
  version "0.0.8"
  resolved "https://registry.yarnpkg.com/opusscript/-/opusscript-0.0.8.tgz#00b49e81281b4d99092d013b1812af8654bd0a87"
  integrity sha512-VSTi1aWFuCkRCVq+tx/BQ5q9fMnQ9pVZ3JU4UHKqTkf0ED3fKEPdr+gKAAl3IA2hj9rrP6iyq3hlcJq3HELtNQ==

process-nextick-args@~2.0.0:
  version "2.0.1"
  resolved "https://registry.yarnpkg.com/process-nextick-args/-/process-nextick-args-2.0.1.tgz#7820d9b16120cc55ca9ae7792680ae7dba6d7fe2"
  integrity sha512-3ouUOpQhtgrbOa17J7+uxOTpITYWaGP7/AhoR3+A+/1e9skrzelGi/dXzEYyvbxubEF6Wn2ypscTKiKJFFn1ag==

q@~1.1.1:
  version "1.1.2"
  resolved "https://registry.yarnpkg.com/q/-/q-1.1.2.tgz#6357e291206701d99f197ab84e57e8ad196f2a89"
  integrity sha1-Y1fikSBnAdmfGXq4TlforRlvKok=

readable-stream@2.3.7:
  version "2.3.7"
  resolved "https://registry.yarnpkg.com/readable-stream/-/readable-stream-2.3.7.tgz#1eca1cf711aef814c04f62252a36a62f6cb23b57"
  integrity sha512-Ebho8K4jIbHAxnuxi7o42OrZgF/ZTNcsZj6nRKyUmkhLFq8CHItp/fy6hQZuZmP/n3yZ9VBUbp4zz/mX8hmYPw==
  dependencies:
    core-util-is "~1.0.0"
    inherits "~2.0.3"
    isarray "~1.0.0"
    process-nextick-args "~2.0.0"
    safe-buffer "~5.1.1"
    string_decoder "~1.1.1"
    util-deprecate "~1.0.1"

safe-buffer@5.1.2, safe-buffer@~5.1.0, safe-buffer@~5.1.1:
  version "5.1.2"
  resolved "https://registry.yarnpkg.com/safe-buffer/-/safe-buffer-5.1.2.tgz#991ec69d296e0313747d59bdfd2b745c35f8828d"
  integrity sha512-Gd2UZBJDkXlY7GbJxfsE8/nvKkUEU1G38c1siN6QP6a9PT9MmHB8GnpscSmMJSoF8LOIrt8ud/wPtojys4G6+g==

simplest-test@1.1.0:
  version "1.1.0"
  resolved "https://registry.yarnpkg.com/simplest-test/-/simplest-test-1.1.0.tgz#d9f7ab490f961bbd19ed840428a1ffdf781c9d08"
  integrity sha1-2ferSQ+WG70Z7YQEKKH/33gcnQg=

sqlstring@2.3.1:
  version "2.3.1"
  resolved "https://registry.yarnpkg.com/sqlstring/-/sqlstring-2.3.1.tgz#475393ff9e91479aea62dcaf0ca3d14983a7fb40"
  integrity sha1-R1OT/56RR5rqYtyvDKPRSYOn+0A=

string_decoder@~1.1.1:
  version "1.1.1"
  resolved "https://registry.yarnpkg.com/string_decoder/-/string_decoder-1.1.1.tgz#9cf1611ba62685d7030ae9e4ba34149c3af03fc8"
  integrity sha512-n/ShnvDi6FHbbVfviro+WojiFzv+s8MPMHBczVePfUpDJLwoLT0ht1l4YwBCbi8pJAveEEdnkHyPyTP/mzRfwg==
  dependencies:
    safe-buffer "~5.1.0"

tweetnacl@^1.0.1:
  version "1.0.3"
  resolved "https://registry.yarnpkg.com/tweetnacl/-/tweetnacl-1.0.3.tgz#ac0af71680458d8a6378d0d0d050ab1407d35596"
  integrity sha512-6rt+RN7aOi1nGMyC4Xa5DdYiukl2UWCbcJft7YhxReBGQD7OAM8Pbxw6YMo4r2diNEA8FEmu32YOn9rhaiE5yw==

util-deprecate@~1.0.1:
  version "1.0.2"
  resolved "https://registry.yarnpkg.com/util-deprecate/-/util-deprecate-1.0.2.tgz#450d4dc9fa70de732762fbd2d4a28981419a0ccf"
  integrity sha1-RQ1Nyfpw3nMnYvvS1KKJgUGaDM8=

ws@^7.2.1:
  version "7.4.4"
  resolved "https://registry.yarnpkg.com/ws/-/ws-7.4.4.tgz#383bc9742cb202292c9077ceab6f6047b17f2d59"
  integrity sha512-Qm8k8ojNQIMx7S+Zp8u/uHOx7Qazv3Yv4q68MiWWWOJhiwG5W3x7iqmRtJo8xxrciZUY4vRxUTJCKuRnF28ZZw==
